{
  "name": "bb-plugin-super-hotkeys",
  "version": "0.1.0",
  "lockfileVersion": 3,
  "requires": true,
  "packages": {
    "": {
      "name": "bb-plugin-super-hotkeys",
      "version": "0.1.0",
      "devDependencies": {
        "@get-bb/plugin-sdk": "0.5.9",
        "@types/react": "^19.0.0",
        "react": "^19.3.0",
        "typescript": "^5.7.0"
      },
      "engines": {
        "bb": ">=0.43",
        "bbPluginSdk": ">=0.5.9"
      }
    },
    "node_modules/@get-bb/plugin-sdk": {
      "version": "0.5.9",
      "resolved": "https://registry.npmjs.org/@get-bb/plugin-sdk/-/plugin-sdk-0.5.9.tgz",
      "integrity": "sha512-rFfSE0tSI0xtbNYnx9aJC/dyguWQlwC7WO8OIgJ/W5Wx5z5m0sQm8/VC/gXNe7Y79XoZw0dJS9nqrhWYdmZe/Q==",
      "dev": true,
      "dependencies": {
        "zod": "^4.3.6"
      },
      "peerDependencies": {
        "@testing-library/react": "^16.3.2",
        "@types/better-sqlite3": "^7.6.12",
        "@types/react": "^19.0.0",
        "better-sqlite3": ">=12",
        "cron-parser": "^5.5.0",
        "hono": "^4.11.9",
        "react": "^19.0.0",
        "react-dom": "^19.0.0"
      },
      "peerDependenciesMeta": {
        "@testing-library/react": {
          "optional": true
        },
        "@types/better-sqlite3": {
          "optional": true
        },
        "@types/react": {
          "optional": true
        },
        "better-sqlite3": {
          "optional": true
        },
        "cron-parser": {
          "optional": true
        },
        "hono": {
          "optional": true
        },
        "react": {
          "optional": true
        },
        "react-dom": {
          "optional": true
        }
      }
    },
    "node_modules/@types/react": {
      "version": "19.3.0",
      "resolved": "https://registry.npmjs.org/@types/react/-/react-19.3.0.tgz",
      "integrity": "sha512-N0rFCuH9YoxG9/m61l9MfpJKfmLOVU0em7ipIz6TRgSSkvReLB9vL85GB+yr8Bs5leqpvg96JSwF4ZS1s4viQg==",
      "dev": true,
      "license": "MIT",
      "dependencies": {
        "csstype": "^3.2.2"
      }
    },
    "node_modules/csstype": {
      "version": "3.2.3",
      "resolved": "https://registry.npmjs.org/csstype/-/csstype-3.2.3.tgz",
      "integrity": "sha512-z1HGKcYy2xA8AGQfwrn0PAy+PB7X/GSj3UVJW9qKyn43xWa+gl5nXmU4qqLMRzWVLFC8KusUX8T/0kCiOYpAIQ==",
      "dev": true,
      "license": "MIT"
    },
    "node_modules/react": {
      "version": "19.3.0",
      "resolved": "https://registry.npmjs.org/react/-/react-19.3.0.tgz",
      "integrity": "sha512-E8LUcbtBWt20bbl2YoHfx4ZDBdxVTfOKtCZn9cDSJ4l6/nuoApcpIBcj47t2wZoVX8g2ZHuMHbiShgCR1T5Sog==",
      "dev": true,
      "license": "MIT",
      "engines": {
        "node": ">=0.10.0"
      }
    },
    "node_modules/typescript": {
      "version": "5.9.3",
      "resolved": "https://registry.npmjs.org/typescript/-/typescript-5.9.3.tgz",
      "integrity": "sha512-jl1vZzPDinLr9eUt3J/t7V6FgNEw9QjvBPdysz9KfQDD41fQrC2Y4vKQdiaUpFT4bXlb1RHhLpp8wtm6M5TgSw==",
      "dev": true,
      "license": "Apache-2.0",
      "bin": {
        "tsc": "bin/tsc",
        "tsserver": "bin/tsserver"
      },
      "engines": {
        "node": ">=14.17"
      }
    },
    "node_modules/zod": {
      "version": "4.6.5",
      "resolved": "https://registry.npmjs.org/zod/-/zod-4.6.5.tgz",
      "integrity": "sha512-v5l/aFXZQeai4awLbOpSoHecE9UiMrnfx75tEXLjNonXVARxQ5mOeipTjROUchszUNCqnE+hqAMujRsRHsut2Q==",
      "dev": true,
      "license": "MIT",
      "funding": {
        "url": "https://github.com/sponsors/colinhacks"
      }
    }
  }
}
